
Microsoft Visual Studio Solution File, Format Version 12.00
# Visual Studio Version 16
VisualStudioVersion = 16.0.32510.428
MinimumVisualStudioVersion = 10.0.40219.1
Project("{FAE04EC0-301F-11D3-BF4B-00C04F79EFBC}") = "ACA2", "ACA2\ACA2.csproj", "{2BD9B9A8-A5B7-4330-97F6-E6EF2C6CDFBD}"
EndProject
Global
	GlobalSection(SolutionConfigurationPlatforms) = preSolution
		Debug|Any CPU = Debug|Any CPU
		Release|Any CPU = Release|Any CPU
	EndGlobalSection
	GlobalSection(ProjectConfigurationPlatforms) = postSolution
		{2BD9B9A8-A5B7-4330-97F6-E6EF2C6CDFBD}.Debug|Any CPU.ActiveCfg = Debug|Any CPU
		{2BD9B9A8-A5B7-4330-97F6-E6EF2C6CDFBD}.Debug|Any CPU.Build.0 = Debug|Any CPU
		{2BD9B9A8-A5B7-4330-97F6-E6EF2C6CDFBD}.Release|Any CPU.ActiveCfg = Release|Any CPU
		{2BD9B9A8-A5B7-4330-97F6-E6EF2C6CDFBD}.Release|Any CPU.Build.0 = Release|Any CPU
	EndGlobalSection
	GlobalSection(SolutionProperties) = preSolution
		HideSolutionNode = FALSE
	EndGlobalSection
	GlobalSection(ExtensibilityGlobals) = postSolution
		SolutionGuid = {A656B63B-3BF6-4D20-A065-ED55DF077F27}
	EndGlobalSection
EndGlobal
